// !$*UTF8*$!
{
	archiveVersion = 1;
	classes = {
	};
	objectVersion = 55;
	objects = {

/* Begin PBXBuildFile section */
		583DEF022947FA6B007C4FB2 /* AppDelegate.swift in Sources */ = {isa = PBXBuildFile; fileRef = 583DEF012947FA6B007C4FB2 /* AppDelegate.swift */; };
		583DEF042947FA6B007C4FB2 /* SceneDelegate.swift in Sources */ = {isa = PBXBuildFile; fileRef = 583DEF032947FA6B007C4FB2 /* SceneDelegate.swift */; };
		583DEF062947FA6B007C4FB2 /* ViewController.swift in Sources */ = {isa = PBXBuildFile; fileRef = 583DEF052947FA6B007C4FB2 /* ViewController.swift */; };
		583DEF092947FA6B007C4FB2 /* Main.storyboard in Resources */ = {isa = PBXBuildFile; fileRef = 583DEF072947FA6B007C4FB2 /* Main.storyboard */; };
		583DEF0C2947FA6B007C4FB2 /* Music_Practice.xcdatamodeld in Sources */ = {isa = PBXBuildFile; fileRef = 583DEF0A2947FA6B007C4FB2 /* Music_Practice.xcdatamodeld */; };
		583DEF0E2947FA6E007C4FB2 /* Assets.xcassets in Resources */ = {isa = PBXBuildFile; fileRef = 583DEF0D2947FA6E007C4FB2 /* Assets.xcassets */; };
		583DEF112947FA6E007C4FB2 /* LaunchScreen.storyboard in Resources */ = {isa = PBXBuildFile; fileRef = 583DEF0F2947FA6E007C4FB2 /* LaunchScreen.storyboard */; };
		587E09BD294A1E0600C55FE5 /* ScalesPracticeViewController.swift in Sources */ = {isa = PBXBuildFile; fileRef = 587E09BC294A1E0600C55FE5 /* ScalesPracticeViewController.swift */; };
		587E09BF294A310200C55FE5 /* StoreFinderViewController.swift in Sources */ = {isa = PBXBuildFile; fileRef = 587E09BE294A310200C55FE5 /* StoreFinderViewController.swift */; };
		587E09C1294A621600C55FE5 /* DailyRecordingViewController.swift in Sources */ = {isa = PBXBuildFile; fileRef = 587E09C0294A621600C55FE5 /* DailyRecordingViewController.swift */; };
		587E09C3294A622600C55FE5 /* DailyRecordingTableViewCell.swift in Sources */ = {isa = PBXBuildFile; fileRef = 587E09C2294A622600C55FE5 /* DailyRecordingTableViewCell.swift */; };
		587E09C5294A70FA00C55FE5 /* AudioManager.swift in Sources */ = {isa = PBXBuildFile; fileRef = 587E09C4294A70FA00C55FE5 /* AudioManager.swift */; };
/* End PBXBuildFile section */

/* Begin PBXFileReference section */
		583DEEFE2947FA6B007C4FB2 /* Music Practice.app */ = {isa = PBXFileReference; explicitFileType = wrapper.application; includeInIndex = 0; path = "Music Practice.app"; sourceTree = BUILT_PRODUCTS_DIR; };
		583DEF012947FA6B007C4FB2 /* AppDelegate.swift */ = {isa = PBXFileReference; lastKnownFileType = sourcecode.swift; path = AppDelegate.swift; sourceTree = "<group>"; };
		583DEF032947FA6B007C4FB2 /* SceneDelegate.swift */ = {isa = PBXFileReference; lastKnownFileType = sourcecode.swift; path = SceneDelegate.swift; sourceTree = "<group>"; };
		583DEF052947FA6B007C4FB2 /* ViewController.swift */ = {isa = PBXFileReference; lastKnownFileType = sourcecode.swift; path = ViewController.swift; sourceTree = "<group>"; };
		583DEF082947FA6B007C4FB2 /* Base */ = {isa = PBXFileReference; lastKnownFileType = file.storyboard; name = Base; path = Base.lproj/Main.storyboard; sourceTree = "<group>"; };
		583DEF0B2947FA6B007C4FB2 /* Music_Practice.xcdatamodel */ = {isa = PBXFileReference; lastKnownFileType = wrapper.xcdatamodel; path = Music_Practice.xcdatamodel; sourceTree = "<group>"; };
		583DEF0D2947FA6E007C4FB2 /* Assets.xcassets */ = {isa = PBXFileReference; lastKnownFileType = folder.assetcatalog; path = Assets.xcassets; sourceTree = "<group>"; };
		583DEF102947FA6E007C4FB2 /* Base */ = {isa = PBXFileReference; lastKnownFileType = file.storyboard; name = Base; path = Base.lproj/LaunchScreen.storyboard; sourceTree = "<group>"; };
		583DEF122947FA6E007C4FB2 /* Info.plist */ = {isa = PBXFileReference; lastKnownFileType = text.plist.xml; path = Info.plist; sourceTree = "<group>"; };
		587E09BC294A1E0600C55FE5 /* ScalesPracticeViewController.swift */ = {isa = PBXFileReference; lastKnownFileType = sourcecode.swift; path = ScalesPracticeViewController.swift; sourceTree = "<group>"; };
		587E09BE294A310200C55FE5 /* StoreFinderViewController.swift */ = {isa = PBXFileReference; lastKnownFileType = sourcecode.swift; path = StoreFinderViewController.swift; sourceTree = "<group>"; };
		587E09C0294A621600C55FE5 /* DailyRecordingViewController.swift */ = {isa = PBXFileReference; lastKnownFileType = sourcecode.swift; path = DailyRecordingViewController.swift; sourceTree = "<group>"; };
		587E09C2294A622600C55FE5 /* DailyRecordingTableViewCell.swift */ = {isa = PBXFileReference; lastKnownFileType = sourcecode.swift; path = DailyRecordingTableViewCell.swift; sourceTree = "<group>"; };
		587E09C4294A70FA00C55FE5 /* AudioManager.swift */ = {isa = PBXFileReference; lastKnownFileType = sourcecode.swift; path = AudioManager.swift; sourceTree = "<group>"; };
/* End PBXFileReference section */

/* Begin PBXFrameworksBuildPhase section */
		583DEEFB2947FA6B007C4FB2 /* Frameworks */ = {
			isa = PBXFrameworksBuildPhase;
			buildActionMask = 2147483647;
			files = (
			);
			runOnlyForDeploymentPostprocessing = 0;
		};
/* End PBXFrameworksBuildPhase section */

/* Begin PBXGroup section */
		583DEEF52947FA6B007C4FB2 = {
			isa = PBXGroup;
			children = (
				583DEF002947FA6B007C4FB2 /* Music Practice */,
				583DEEFF2947FA6B007C4FB2 /* Products */,
			);
			sourceTree = "<group>";
		};
		583DEEFF2947FA6B007C4FB2 /* Products */ = {
			isa = PBXGroup;
			children = (
				583DEEFE2947FA6B007C4FB2 /* Music Practice.app */,
			);
			name = Products;
			sourceTree = "<group>";
		};
		583DEF002947FA6B007C4FB2 /* Music Practice */ = {
			isa = PBXGroup;
			children = (
				583DEF012947FA6B007C4FB2 /* AppDelegate.swift */,
				583DEF032947FA6B007C4FB2 /* SceneDelegate.swift */,
				583DEF052947FA6B007C4FB2 /* ViewController.swift */,
				583DEF072947FA6B007C4FB2 /* Main.storyboard */,
				583DEF0D2947FA6E007C4FB2 /* Assets.xcassets */,
				583DEF0F2947FA6E007C4FB2 /* LaunchScreen.storyboard */,
				583DEF122947FA6E007C4FB2 /* Info.plist */,
				583DEF0A2947FA6B007C4FB2 /* Music_Practice.xcdatamodeld */,
				587E09BC294A1E0600C55FE5 /* ScalesPracticeViewController.swift */,
				587E09BE294A310200C55FE5 /* StoreFinderViewController.swift */,
				587E09C0294A621600C55FE5 /* DailyRecordingViewController.swift */,
				587E09C2294A622600C55FE5 /* DailyRecordingTableViewCell.swift */,
				587E09C4294A70FA00C55FE5 /* AudioManager.swift */,
			);
			path = "Music Practice";
			sourceTree = "<group>";
		};
/* End PBXGroup section */

/* Begin PBXNativeTarget section */
		583DEEFD2947FA6B007C4FB2 /* Music Practice */ = {
			isa = PBXNativeTarget;
			buildConfigurationList = 583DEF152947FA6E007C4FB2 /* Build configuration list for PBXNativeTarget "Music Practice" */;
			buildPhases = (
				583DEEFA2947FA6B007C4FB2 /* Sources */,
				583DEEFB2947FA6B007C4FB2 /* Frameworks */,
				583DEEFC2947FA6B007C4FB2 /* Resources */,
			);
			buildRules = (
			);
			dependencies = (
			);
			name = "Music Practice";
			productName = "Music Practice";
			productReference = 583DEEFE2947FA6B007C4FB2 /* Music Practice.app */;
			productType = "com.apple.product-type.application";
		};
/* End PBXNativeTarget section */

/* Begin PBXProject section */
		583DEEF62947FA6B007C4FB2 /* Project object */ = {
			isa = PBXProject;
			attributes = {
				BuildIndependentTargetsInParallel = 1;
				LastSwiftUpdateCheck = 1320;
				LastUpgradeCheck = 1320;
				TargetAttributes = {
					583DEEFD2947FA6B007C4FB2 = {
						CreatedOnToolsVersion = 13.2.1;
					};
				};
			};
			buildConfigurationList = 583DEEF92947FA6B007C4FB2 /* Build configuration list for PBXProject "Music Practice" */;
			compatibilityVersion = "Xcode 13.0";
			developmentRegion = en;
			hasScannedForEncodings = 0;
			knownRegions = (
				en,
				Base,
			);
			mainGroup = 583DEEF52947FA6B007C4FB2;
			productRefGroup = 583DEEFF2947FA6B007C4FB2 /* Products */;
			projectDirPath = "";
			projectRoot = "";
			targets = (
				583DEEFD2947FA6B007C4FB2 /* Music Practice */,
			);
		};
/* End PBXProject section */

/* Begin PBXResourcesBuildPhase section */
		583DEEFC2947FA6B007C4FB2 /* Resources */ = {
			isa = PBXResourcesBuildPhase;
			buildActionMask = 2147483647;
			files = (
				583DEF112947FA6E007C4FB2 /* LaunchScreen.storyboard in Resources */,
				583DEF0E2947FA6E007C4FB2 /* Assets.xcassets in Resources */,
				583DEF092947FA6B007C4FB2 /* Main.storyboard in Resources */,
			);
			runOnlyForDeploymentPostprocessing = 0;
		};
/* End PBXResourcesBuildPhase section */

/* Begin PBXSourcesBuildPhase section */
		583DEEFA2947FA6B007C4FB2 /* Sources */ = {
			isa = PBXSourcesBuildPhase;
			buildActionMask = 2147483647;
			files = (
				587E09BF294A310200C55FE5 /* StoreFinderViewController.swift in Sources */,
				587E09BD294A1E0600C55FE5 /* ScalesPracticeViewController.swift in Sources */,
				583DEF062947FA6B007C4FB2 /* ViewController.swift in Sources */,
				587E09C1294A621600C55FE5 /* DailyRecordingViewController.swift in Sources */,
				583DEF022947FA6B007C4FB2 /* AppDelegate.swift in Sources */,
				587E09C3294A622600C55FE5 /* DailyRecordingTableViewCell.swift in Sources */,
				587E09C5294A70FA00C55FE5 /* AudioManager.swift in Sources */,
				583DEF0C2947FA6B007C4FB2 /* Music_Practice.xcdatamodeld in Sources */,
				583DEF042947FA6B007C4FB2 /* SceneDelegate.swift in Sources */,
			);
			runOnlyForDeploymentPostprocessing = 0;
		};
/* End PBXSourcesBuildPhase section */

/* Begin PBXVariantGroup section */
		583DEF072947FA6B007C4FB2 /* Main.storyboard */ = {
			isa = PBXVariantGroup;
			children = (
				583DEF082947FA6B007C4FB2 /* Base */,
			);
			name = Main.storyboard;
			sourceTree = "<group>";
		};
		583DEF0F2947FA6E007C4FB2 /* LaunchScreen.storyboard */ = {
			isa = PBXVariantGroup;
			children = (
				583DEF102947FA6E007C4FB2 /* Base */,
			);
			name = LaunchScreen.storyboard;
			sourceTree = "<group>";
		};
/* End PBXVariantGroup section */

/* Begin XCBuildConfiguration section */
		583DEF132947FA6E007C4FB2 /* Debug */ = {
			isa = XCBuildConfiguration;
			buildSettings = {
				ALWAYS_SEARCH_USER_PATHS = NO;
				CLANG_ANALYZER_NONNULL = YES;
				CLANG_ANALYZER_NUMBER_OBJECT_CONVERSION = YES_AGGRESSIVE;
				CLANG_CXX_LANGUAGE_STANDARD = "gnu++17";
				CLANG_CXX_LIBRARY = "libc++";
				CLANG_ENABLE_MODULES = YES;
				CLANG_ENABLE_OBJC_ARC = YES;
				CLANG_ENABLE_OBJC_WEAK = YES;
				CLANG_WARN_BLOCK_CAPTURE_AUTORELEASING = YES;
				CLANG_WARN_BOOL_CONVERSION = YES;
				CLANG_WARN_COMMA = YES;
				CLANG_WARN_CONSTANT_CONVERSION = YES;
				CLANG_WARN_DEPRECATED_OBJC_IMPLEMENTATIONS = YES;
				CLANG_WARN_DIRECT_OBJC_ISA_USAGE = YES_ERROR;
				CLANG_WARN_DOCUMENTATION_COMMENTS = YES;
				CLANG_WARN_EMPTY_BODY = YES;
				CLANG_WARN_ENUM_CONVERSION = YES;
				CLANG_WARN_INFINITE_RECURSION = YES;
				CLANG_WARN_INT_CONVERSION = YES;
				CLANG_WARN_NON_LITERAL_NULL_CONVERSION = YES;
				CLANG_WARN_OBJC_IMPLICIT_RETAIN_SELF = YES;
				CLANG_WARN_OBJC_LITERAL_CONVERSION = YES;
				CLANG_WARN_OBJC_ROOT_CLASS = YES_ERROR;
				CLANG_WARN_QUOTED_INCLUDE_IN_FRAMEWORK_HEADER = YES;
				CLANG_WARN_RANGE_LOOP_ANALYSIS = YES;
				CLANG_WARN_STRICT_PROTOTYPES = YES;
				CLANG_WARN_SUSPICIOUS_MOVE = YES;
				CLANG_WARN_UNGUARDED_AVAILABILITY = YES_AGGRESSIVE;
				CLANG_WARN_UNREACHABLE_CODE = YES;
				CLANG_WARN__DUPLICATE_METHOD_MATCH = YES;
				COPY_PHASE_STRIP = NO;
				DEBUG_INFORMATION_FORMAT = dwarf;
				ENABLE_STRICT_OBJC_MSGSEND = YES;
				ENABLE_TESTABILITY = YES;
				GCC_C_LANGUAGE_STANDARD = gnu11;
				GCC_DYNAMIC_NO_PIC = NO;
				GCC_NO_COMMON_BLOCKS = YES;
				GCC_OPTIMIZATION_LEVEL = 0;
				GCC_PREPROCESSOR_DEFINITIONS = (
					"DEBUG=1",
					"$(inherited)",
				);
				GCC_WARN_64_TO_32_BIT_CONVERSION = YES;
				GCC_WARN_ABOUT_RETURN_TYPE = YES_ERROR;
				GCC_WARN_UNDECLARED_SELECTOR = YES;
				GCC_WARN_UNINITIALIZED_AUTOS = YES_AGGRESSIVE;
				GCC_WARN_UNUSED_FUNCTION = YES;
				GCC_WARN_UNUSED_VARIABLE = YES;
				IPHONEOS_DEPLOYMENT_TARGET = 15.2;
				MTL_ENABLE_DEBUG_INFO = INCLUDE_SOURCE;
				MTL_FAST_MATH = YES;
				ONLY_ACTIVE_ARCH = YES;
				SDKROOT = iphoneos;
				SWIFT_ACTIVE_COMPILATION_CONDITIONS = DEBUG;
				SWIFT_OPTIMIZATION_LEVEL = "-Onone";
			};
			name = Debug;
		};
		583DEF142947FA6E007C4FB2 /* Release */ = {
			isa = XCBuildConfiguration;
			buildSettings = {
				ALWAYS_SEARCH_USER_PATHS = NO;
				CLANG_ANALYZER_NONNULL = YES;
				CLANG_ANALYZER_NUMBER_OBJECT_CONVERSION = YES_AGGRESSIVE;
				CLANG_CXX_LANGUAGE_STANDARD = "gnu++17";
				CLANG_CXX_LIBRARY = "libc++";
				CLANG_ENABLE_MODULES = YES;
				CLANG_ENABLE_OBJC_ARC = YES;
				CLANG_ENABLE_OBJC_WEAK = YES;
				CLANG_WARN_BLOCK_CAPTURE_AUTORELEASING = YES;
				CLANG_WARN_BOOL_CONVERSION = YES;
				CLANG_WARN_COMMA = YES;
				CLANG_WARN_CONSTANT_CONVERSION = YES;
				CLANG_WARN_DEPRECATED_OBJC_IMPLEMENTATIONS = YES;
				CLANG_WARN_DIRECT_OBJC_ISA_USAGE = YES_ERROR;
				CLANG_WARN_DOCUMENTATION_COMMENTS = YES;
				CLANG_WARN_EMPTY_BODY = YES;
				CLANG_WARN_ENUM_CONVERSION = YES;
				CLANG_WARN_INFINITE_RECURSION = YES;
				CLANG_WARN_INT_CONVERSION = YES;
				CLANG_WARN_NON_LITERAL_NULL_CONVERSION = YES;
				CLANG_WARN_OBJC_IMPLICIT_RETAIN_SELF = YES;
				CLANG_WARN_OBJC_LITERAL_CONVERSION = YES;
				CLANG_WARN_OBJC_ROOT_CLASS = YES_ERROR;
				CLANG_WARN_QUOTED_INCLUDE_IN_FRAMEWORK_HEADER = YES;
				CLANG_WARN_RANGE_LOOP_ANALYSIS = YES;
				CLANG_WARN_STRICT_PROTOTYPES = YES;
				CLANG_WARN_SUSPICIOUS_MOVE = YES;
				CLANG_WARN_UNGUARDED_AVAILABILITY = YES_AGGRESSIVE;
				CLANG_WARN_UNREACHABLE_CODE = YES;
				CLANG_WARN__DUPLICATE_METHOD_MATCH = YES;
				COPY_PHASE_STRIP = NO;
				DEBUG_INFORMATION_FORMAT = "dwarf-with-dsym";
				ENABLE_NS_ASSERTIONS = NO;
				ENABLE_STRICT_OBJC_MSGSEND = YES;
				GCC_C_LANGUAGE_STANDARD = gnu11;
				GCC_NO_COMMON_BLOCKS = YES;
				GCC_WARN_64_TO_32_BIT_CONVERSION = YES;
				GCC_WARN_ABOUT_RETURN_TYPE = YES_ERROR;
				GCC_WARN_UNDECLARED_SELECTOR = YES;
				GCC_WARN_UNINITIALIZED_AUTOS = YES_AGGRESSIVE;
				GCC_WARN_UNUSED_FUNCTION = YES;
				GCC_WARN_UNUSED_VARIABLE = YES;
				IPHONEOS_DEPLOYMENT_TARGET = 15.2;
				MTL_ENABLE_DEBUG_INFO = NO;
				MTL_FAST_MATH = YES;
				SDKROOT = iphoneos;
				SWIFT_COMPILATION_MODE = wholemodule;
				SWIFT_OPTIMIZATION_LEVEL = "-O";
				VALIDATE_PRODUCT = YES;
			};
			name = Release;
		};
		583DEF162947FA6E007C4FB2 /* Debug */ = {
			isa = XCBuildConfiguration;
			buildSettings = {
				ASSETCATALOG_COMPILER_APPICON_NAME = AppIcon;
				ASSETCATALOG_COMPILER_GLOBAL_ACCENT_COLOR_NAME = AccentColor;
				CODE_SIGN_STYLE = Automatic;
				CURRENT_PROJECT_VERSION = 1;
				GENERATE_INFOPLIST_FILE = YES;
				INFOPLIST_FILE = "Music Practice/Info.plist";
				INFOPLIST_KEY_UIApplicationSupportsIndirectInputEvents = YES;
				INFOPLIST_KEY_UILaunchStoryboardName = LaunchScreen;
				INFOPLIST_KEY_UIMainStoryboardFile = Main;
				INFOPLIST_KEY_UISupportedInterfaceOrientations = UIInterfaceOrientationPortrait;
				INFOPLIST_KEY_UISupportedInterfaceOrientations_iPad = "UIInterfaceOrientationPortrait UIInterfaceOrientationPortraitUpsideDown UIInterfaceOrientationLandscapeLeft UIInterfaceOrientationLandscapeRight";
				INFOPLIST_KEY_UISupportedInterfaceOrientations_iPhone = "UIInterfaceOrientationPortrait UIInterfaceOrientationLandscapeLeft UIInterfaceOrientationLandscapeRight";
				LD_RUNPATH_SEARCH_PATHS = (
					"$(inherited)",
					"@executable_path/Frameworks",
				);
				MARKETING_VERSION = 1.0;
				PRODUCT_BUNDLE_IDENTIFIER = "edu.virginia.cs.4720.wlh4dh.Music-Practice";
				PRODUCT_NAME = "$(TARGET_NAME)";
				SWIFT_EMIT_LOC_STRINGS = YES;
				SWIFT_VERSION = 5.0;
				TARGETED_DEVICE_FAMILY = "1,2";
			};
			name = Debug;
		};
		583DEF172947FA6E007C4FB2 /* Release */ = {
			isa = XCBuildConfiguration;
			buildSettings = {
				ASSETCATALOG_COMPILER_APPICON_NAME = AppIcon;
				ASSETCATALOG_COMPILER_GLOBAL_ACCENT_COLOR_NAME = AccentColor;
				CODE_SIGN_STYLE = Automatic;
				CURRENT_PROJECT_VERSION = 1;
				GENERATE_INFOPLIST_FILE = YES;
				INFOPLIST_FILE = "Music Practice/Info.plist";
				INFOPLIST_KEY_UIApplicationSupportsIndirectInputEvents = YES;
				INFOPLIST_KEY_UILaunchStoryboardName = LaunchScreen;
				INFOPLIST_KEY_UIMainStoryboardFile = Main;
				INFOPLIST_KEY_UISupportedInterfaceOrientations = UIInterfaceOrientationPortrait;
				INFOPLIST_KEY_UISupportedInterfaceOrientations_iPad = "UIInterfaceOrientationPortrait UIInterfaceOrientationPortraitUpsideDown UIInterfaceOrientationLandscapeLeft UIInterfaceOrientationLandscapeRight";
				INFOPLIST_KEY_UISupportedInterfaceOrientations_iPhone = "UIInterfaceOrientationPortrait UIInterfaceOrientationLandscapeLeft UIInterfaceOrientationLandscapeRight";
				LD_RUNPATH_SEARCH_PATHS = (
					"$(inherited)",
					"@executable_path/Frameworks",
				);
				MARKETING_VERSION = 1.0;
				PRODUCT_BUNDLE_IDENTIFIER = "edu.virginia.cs.4720.wlh4dh.Music-Practice";
				PRODUCT_NAME = "$(TARGET_NAME)";
				SWIFT_EMIT_LOC_STRINGS = YES;
				SWIFT_VERSION = 5.0;
				TARGETED_DEVICE_FAMILY = "1,2";
			};
			name = Release;
		};
/* End XCBuildConfiguration section */

/* Begin XCConfigurationList section */
		583DEEF92947FA6B007C4FB2 /* Build configuration list for PBXProject "Music Practice" */ = {
			isa = XCConfigurationList;
			buildConfigurations = (
				583DEF132947FA6E007C4FB2 /* Debug */,
				583DEF142947FA6E007C4FB2 /* Release */,
			);
			defaultConfigurationIsVisible = 0;
			defaultConfigurationName = Release;
		};
		583DEF152947FA6E007C4FB2 /* Build configuration list for PBXNativeTarget "Music Practice" */ = {
			isa = XCConfigurationList;
			buildConfigurations = (
				583DEF162947FA6E007C4FB2 /* Debug */,
				583DEF172947FA6E007C4FB2 /* Release */,
			);
			defaultConfigurationIsVisible = 0;
			defaultConfigurationName = Release;
		};
/* End XCConfigurationList section */

/* Begin XCVersionGroup section */
		583DEF0A2947FA6B007C4FB2 /* Music_Practice.xcdatamodeld */ = {
			isa = XCVersionGroup;
			children = (
				583DEF0B2947FA6B007C4FB2 /* Music_Practice.xcdatamodel */,
			);
			currentVersion = 583DEF0B2947FA6B007C4FB2 /* Music_Practice.xcdatamodel */;
			path = Music_Practice.xcdatamodeld;
			sourceTree = "<group>";
			versionGroupType = wrapper.xcdatamodel;
		};
/* End XCVersionGroup section */
	};
	rootObject = 583DEEF62947FA6B007C4FB2 /* Project object */;
}
